
Microsoft Visual Studio Solution File, Format Version 12.00
# Visual Studio Version 17
VisualStudioVersion = 17.0.31903.59
MinimumVisualStudioVersion = 10.0.40219.1
Project("{FAE04EC0-301F-11D3-BF4B-00C04F79EFBC}") = "EmlakPortali.API", "EmlakPortali.API\EmlakPortali.API.csproj", "{9E82CAB4-5DE0-4185-BD4D-A5F173BE614A}"
EndProject
Project("{FAE04EC0-301F-11D3-BF4B-00C04F79EFBC}") = "EmlakPortali.MVC", "EmlakPortali.MVC\EmlakPortali.MVC.csproj", "{7DBA3FAE-E9EE-4317-83B8-DD98BEDE9B28}"
EndProject
Global
	GlobalSection(SolutionConfigurationPlatforms) = preSolution
		Debug|Any CPU = Debug|Any CPU
		Debug|x64 = Debug|x64
		Debug|x86 = Debug|x86
		Release|Any CPU = Release|Any CPU
		Release|x64 = Release|x64
		Release|x86 = Release|x86
	EndGlobalSection
	GlobalSection(ProjectConfigurationPlatforms) = postSolution
		{9E82CAB4-5DE0-4185-BD4D-A5F173BE614A}.Debug|Any CPU.ActiveCfg = Debug|Any CPU
		{9E82CAB4-5DE0-4185-BD4D-A5F173BE614A}.Debug|Any CPU.Build.0 = Debug|Any CPU
		{9E82CAB4-5DE0-4185-BD4D-A5F173BE614A}.Debug|x64.ActiveCfg = Debug|Any CPU
		{9E82CAB4-5DE0-4185-BD4D-A5F173BE614A}.Debug|x64.Build.0 = Debug|Any CPU
		{9E82CAB4-5DE0-4185-BD4D-A5F173BE614A}.Debug|x86.ActiveCfg = Debug|Any CPU
		{9E82CAB4-5DE0-4185-BD4D-A5F173BE614A}.Debug|x86.Build.0 = Debug|Any CPU
		{9E82CAB4-5DE0-4185-BD4D-A5F173BE614A}.Release|Any CPU.ActiveCfg = Release|Any CPU
		{9E82CAB4-5DE0-4185-BD4D-A5F173BE614A}.Release|Any CPU.Build.0 = Release|Any CPU
		{9E82CAB4-5DE0-4185-BD4D-A5F173BE614A}.Release|x64.ActiveCfg = Release|Any CPU
		{9E82CAB4-5DE0-4185-BD4D-A5F173BE614A}.Release|x64.Build.0 = Release|Any CPU
		{9E82CAB4-5DE0-4185-BD4D-A5F173BE614A}.Release|x86.ActiveCfg = Release|Any CPU
		{9E82CAB4-5DE0-4185-BD4D-A5F173BE614A}.Release|x86.Build.0 = Release|Any CPU
		{7DBA3FAE-E9EE-4317-83B8-DD98BEDE9B28}.Debug|Any CPU.ActiveCfg = Debug|Any CPU
		{7DBA3FAE-E9EE-4317-83B8-DD98BEDE9B28}.Debug|Any CPU.Build.0 = Debug|Any CPU
		{7DBA3FAE-E9EE-4317-83B8-DD98BEDE9B28}.Debug|x64.ActiveCfg = Debug|Any CPU
		{7DBA3FAE-E9EE-4317-83B8-DD98BEDE9B28}.Debug|x64.Build.0 = Debug|Any CPU
		{7DBA3FAE-E9EE-4317-83B8-DD98BEDE9B28}.Debug|x86.ActiveCfg = Debug|Any CPU
		{7DBA3FAE-E9EE-4317-83B8-DD98BEDE9B28}.Debug|x86.Build.0 = Debug|Any CPU
		{7DBA3FAE-E9EE-4317-83B8-DD98BEDE9B28}.Release|Any CPU.ActiveCfg = Release|Any CPU
		{7DBA3FAE-E9EE-4317-83B8-DD98BEDE9B28}.Release|Any CPU.Build.0 = Release|Any CPU
		{7DBA3FAE-E9EE-4317-83B8-DD98BEDE9B28}.Release|x64.ActiveCfg = Release|Any CPU
		{7DBA3FAE-E9EE-4317-83B8-DD98BEDE9B28}.Release|x64.Build.0 = Release|Any CPU
		{7DBA3FAE-E9EE-4317-83B8-DD98BEDE9B28}.Release|x86.ActiveCfg = Release|Any CPU
		{7DBA3FAE-E9EE-4317-83B8-DD98BEDE9B28}.Release|x86.Build.0 = Release|Any CPU
	EndGlobalSection
	GlobalSection(SolutionProperties) = preSolution
		HideSolutionNode = FALSE
	EndGlobalSection
EndGlobal
